// !$*UTF8*$!
{
	archiveVersion = 1;
	classes = {
	};
	objectVersion = 50;
	objects = {

/* Begin PBXBuildFile section */
		A25438D423AAA1A900B3E5E2 /* mutex.c in Sources */ = {isa = PBXBuildFile; fileRef = A25438D323AAA1A900B3E5E2 /* mutex.c */; };
		A2906B752383DE3B00717DA6 /* logging.c in Sources */ = {isa = PBXBuildFile; fileRef = A2906B722383DE3B00717DA6 /* logging.c */; };
		A2906B762383DE3B00717DA6 /* socket.c in Sources */ = {isa = PBXBuildFile; fileRef = A2906B732383DE3B00717DA6 /* socket.c */; };
		A2906B772383DE3B00717DA6 /* time.c in Sources */ = {isa = PBXBuildFile; fileRef = A2906B742383DE3B00717DA6 /* time.c */; };
/* End PBXBuildFile section */

/* Begin PBXFileReference section */
		A25438CF23AAA19F00B3E5E2 /* api.h */ = {isa = PBXFileReference; fileEncoding = 4; lastKnownFileType = sourcecode.c.h; name = api.h; path = ../include/teobase/api.h; sourceTree = "<group>"; };
		A25438D023AAA19F00B3E5E2 /* mutex.h */ = {isa = PBXFileReference; fileEncoding = 4; lastKnownFileType = sourcecode.c.h; name = mutex.h; path = ../include/teobase/mutex.h; sourceTree = "<group>"; };
		A25438D323AAA1A900B3E5E2 /* mutex.c */ = {isa = PBXFileReference; fileEncoding = 4; lastKnownFileType = sourcecode.c.c; name = mutex.c; path = ../src/teobase/mutex.c; sourceTree = "<group>"; };
		A2906B652383DBA600717DA6 /* teobase.framework */ = {isa = PBXFileReference; explicitFileType = wrapper.framework; includeInIndex = 0; path = teobase.framework; sourceTree = BUILT_PRODUCTS_DIR; };
		A2906B692383DBA700717DA6 /* Info.plist */ = {isa = PBXFileReference; lastKnownFileType = text.plist.xml; path = Info.plist; sourceTree = "<group>"; };
		A2906B722383DE3B00717DA6 /* logging.c */ = {isa = PBXFileReference; fileEncoding = 4; lastKnownFileType = sourcecode.c.c; name = logging.c; path = ../src/teobase/logging.c; sourceTree = "<group>"; };
		A2906B732383DE3B00717DA6 /* socket.c */ = {isa = PBXFileReference; fileEncoding = 4; lastKnownFileType = sourcecode.c.c; name = socket.c; path = ../src/teobase/socket.c; sourceTree = "<group>"; };
		A2906B742383DE3B00717DA6 /* time.c */ = {isa = PBXFileReference; fileEncoding = 4; lastKnownFileType = sourcecode.c.c; name = time.c; path = ../src/teobase/time.c; sourceTree = "<group>"; };
		A2906B782383DE4600717DA6 /* platform.h */ = {isa = PBXFileReference; fileEncoding = 4; lastKnownFileType = sourcecode.c.h; name = platform.h; path = ../include/teobase/platform.h; sourceTree = "<group>"; };
		A2906B792383DE4600717DA6 /* time.h */ = {isa = PBXFileReference; fileEncoding = 4; lastKnownFileType = sourcecode.c.h; name = time.h; path = ../include/teobase/time.h; sourceTree = "<group>"; };
		A2906B7A2383DE4600717DA6 /* windows.h */ = {isa = PBXFileReference; fileEncoding = 4; lastKnownFileType = sourcecode.c.h; name = windows.h; path = ../include/teobase/windows.h; sourceTree = "<group>"; };
		A2906B7B2383DE4600717DA6 /* logging.h */ = {isa = PBXFileReference; fileEncoding = 4; lastKnownFileType = sourcecode.c.h; name = logging.h; path = ../include/teobase/logging.h; sourceTree = "<group>"; };
		A2906B7C2383DE4600717DA6 /* socket.h */ = {isa = PBXFileReference; fileEncoding = 4; lastKnownFileType = sourcecode.c.h; name = socket.h; path = ../include/teobase/socket.h; sourceTree = "<group>"; };
/* End PBXFileReference section */

/* Begin PBXFrameworksBuildPhase section */
		A2906B622383DBA600717DA6 /* Frameworks */ = {
			isa = PBXFrameworksBuildPhase;
			buildActionMask = 2147483647;
			files = (
			);
			runOnlyForDeploymentPostprocessing = 0;
		};
/* End PBXFrameworksBuildPhase section */

/* Begin PBXGroup section */
		A2906B5B2383DBA600717DA6 = {
			isa = PBXGroup;
			children = (
				A2906B712383DD9D00717DA6 /* Headers */,
				A2906B702383DD9600717DA6 /* Source */,
				A2906B672383DBA600717DA6 /* teobase-ios */,
				A2906B662383DBA600717DA6 /* Products */,
			);
			sourceTree = "<group>";
		};
		A2906B662383DBA600717DA6 /* Products */ = {
			isa = PBXGroup;
			children = (
				A2906B652383DBA600717DA6 /* teobase.framework */,
			);
			name = Products;
			sourceTree = "<group>";
		};
		A2906B672383DBA600717DA6 /* teobase-ios */ = {
			isa = PBXGroup;
			children = (
				A2906B692383DBA700717DA6 /* Info.plist */,
			);
			path = "teobase-ios";
			sourceTree = "<group>";
		};
		A2906B702383DD9600717DA6 /* Source */ = {
			isa = PBXGroup;
			children = (
				A25438D323AAA1A900B3E5E2 /* mutex.c */,
				A2906B722383DE3B00717DA6 /* logging.c */,
				A2906B732383DE3B00717DA6 /* socket.c */,
				A2906B742383DE3B00717DA6 /* time.c */,
			);
			name = Source;
			sourceTree = "<group>";
		};
		A2906B712383DD9D00717DA6 /* Headers */ = {
			isa = PBXGroup;
			children = (
				A25438CF23AAA19F00B3E5E2 /* api.h */,
				A25438D023AAA19F00B3E5E2 /* mutex.h */,
				A2906B7B2383DE4600717DA6 /* logging.h */,
				A2906B782383DE4600717DA6 /* platform.h */,
				A2906B7C2383DE4600717DA6 /* socket.h */,
				A2906B792383DE4600717DA6 /* time.h */,
				A2906B7A2383DE4600717DA6 /* windows.h */,
			);
			name = Headers;
			sourceTree = "<group>";
		};
/* End PBXGroup section */

/* Begin PBXHeadersBuildPhase section */
		A2906B602383DBA600717DA6 /* Headers */ = {
			isa = PBXHeadersBuildPhase;
			buildActionMask = 2147483647;
			files = (
			);
			runOnlyForDeploymentPostprocessing = 0;
		};
/* End PBXHeadersBuildPhase section */

/* Begin PBXNativeTarget section */
		A2906B642383DBA600717DA6 /* teobase */ = {
			isa = PBXNativeTarget;
			buildConfigurationList = A2906B6D2383DBA700717DA6 /* Build configuration list for PBXNativeTarget "teobase" */;
			buildPhases = (
				A2906B602383DBA600717DA6 /* Headers */,
				A2906B612383DBA600717DA6 /* Sources */,
				A2906B622383DBA600717DA6 /* Frameworks */,
				A2906B632383DBA600717DA6 /* Resources */,
			);
			buildRules = (
			);
			dependencies = (
			);
			name = teobase;
			productName = teobase;
			productReference = A2906B652383DBA600717DA6 /* teobase.framework */;
			productType = "com.apple.product-type.framework";
		};
/* End PBXNativeTarget section */

/* Begin PBXProject section */
		A2906B5C2383DBA600717DA6 /* Project object */ = {
			isa = PBXProject;
			attributes = {
				LastUpgradeCheck = 1120;
				ORGANIZATIONNAME = example;
				TargetAttributes = {
					A2906B642383DBA600717DA6 = {
						CreatedOnToolsVersion = 11.2.1;
					};
				};
			};
			buildConfigurationList = A2906B5F2383DBA600717DA6 /* Build configuration list for PBXProject "teobase-ios" */;
			compatibilityVersion = "Xcode 9.3";
			developmentRegion = en;
			hasScannedForEncodings = 0;
			knownRegions = (
				en,
				Base,
			);
			mainGroup = A2906B5B2383DBA600717DA6;
			productRefGroup = A2906B662383DBA600717DA6 /* Products */;
			projectDirPath = "";
			projectRoot = "";
			targets = (
				A2906B642383DBA600717DA6 /* teobase */,
			);
		};
/* End PBXProject section */

/* Begin PBXResourcesBuildPhase section */
		A2906B632383DBA600717DA6 /* Resources */ = {
			isa = PBXResourcesBuildPhase;
			buildActionMask = 2147483647;
			files = (
			);
			runOnlyForDeploymentPostprocessing = 0;
		};
/* End PBXResourcesBuildPhase section */

/* Begin PBXSourcesBuildPhase section */
		A2906B612383DBA600717DA6 /* Sources */ = {
			isa = PBXSourcesBuildPhase;
			buildActionMask = 2147483647;
			files = (
				A2906B762383DE3B00717DA6 /* socket.c in Sources */,
				A2906B752383DE3B00717DA6 /* logging.c in Sources */,
				A2906B772383DE3B00717DA6 /* time.c in Sources */,
				A25438D423AAA1A900B3E5E2 /* mutex.c in Sources */,
			);
			runOnlyForDeploymentPostprocessing = 0;
		};
/* End PBXSourcesBuildPhase section */

/* Begin XCBuildConfiguration section */
		A2906B6B2383DBA700717DA6 /* Debug */ = {
			isa = XCBuildConfiguration;
			buildSettings = {
				ALWAYS_SEARCH_USER_PATHS = NO;
				CLANG_ANALYZER_NONNULL = YES;
				CLANG_ANALYZER_NUMBER_OBJECT_CONVERSION = YES_AGGRESSIVE;
				CLANG_CXX_LANGUAGE_STANDARD = "gnu++14";
				CLANG_CXX_LIBRARY = "libc++";
				CLANG_ENABLE_MODULES = YES;
				CLANG_ENABLE_OBJC_ARC = YES;
				CLANG_ENABLE_OBJC_WEAK = YES;
				CLANG_WARN_BLOCK_CAPTURE_AUTORELEASING = YES;
				CLANG_WARN_BOOL_CONVERSION = YES;
				CLANG_WARN_COMMA = YES;
				CLANG_WARN_CONSTANT_CONVERSION = YES;
				CLANG_WARN_DEPRECATED_OBJC_IMPLEMENTATIONS = YES;
				CLANG_WARN_DIRECT_OBJC_ISA_USAGE = YES_ERROR;
				CLANG_WARN_DOCUMENTATION_COMMENTS = YES;
				CLANG_WARN_EMPTY_BODY = YES;
				CLANG_WARN_ENUM_CONVERSION = YES;
				CLANG_WARN_INFINITE_RECURSION = YES;
				CLANG_WARN_INT_CONVERSION = YES;
				CLANG_WARN_NON_LITERAL_NULL_CONVERSION = YES;
				CLANG_WARN_OBJC_IMPLICIT_RETAIN_SELF = YES;
				CLANG_WARN_OBJC_LITERAL_CONVERSION = YES;
				CLANG_WARN_OBJC_ROOT_CLASS = YES_ERROR;
				CLANG_WARN_RANGE_LOOP_ANALYSIS = YES;
				CLANG_WARN_STRICT_PROTOTYPES = YES;
				CLANG_WARN_SUSPICIOUS_MOVE = YES;
				CLANG_WARN_UNGUARDED_AVAILABILITY = YES_AGGRESSIVE;
				CLANG_WARN_UNREACHABLE_CODE = YES;
				CLANG_WARN__DUPLICATE_METHOD_MATCH = YES;
				COPY_PHASE_STRIP = NO;
				CURRENT_PROJECT_VERSION = 1;
				DEBUG_INFORMATION_FORMAT = dwarf;
				ENABLE_STRICT_OBJC_MSGSEND = YES;
				ENABLE_TESTABILITY = YES;
				GCC_C_LANGUAGE_STANDARD = gnu11;
				GCC_DYNAMIC_NO_PIC = NO;
				GCC_NO_COMMON_BLOCKS = YES;
				GCC_OPTIMIZATION_LEVEL = 0;
				GCC_PREPROCESSOR_DEFINITIONS = (
					"DEBUG=1",
					"$(inherited)",
				);
				GCC_WARN_64_TO_32_BIT_CONVERSION = YES;
				GCC_WARN_ABOUT_RETURN_TYPE = YES_ERROR;
				GCC_WARN_UNDECLARED_SELECTOR = YES;
				GCC_WARN_UNINITIALIZED_AUTOS = YES_AGGRESSIVE;
				GCC_WARN_UNUSED_FUNCTION = YES;
				GCC_WARN_UNUSED_VARIABLE = YES;
				IPHONEOS_DEPLOYMENT_TARGET = 9.0;
				MTL_ENABLE_DEBUG_INFO = INCLUDE_SOURCE;
				MTL_FAST_MATH = YES;
				ONLY_ACTIVE_ARCH = YES;
				SDKROOT = iphoneos;
				VERSIONING_SYSTEM = "apple-generic";
				VERSION_INFO_PREFIX = "";
			};
			name = Debug;
		};
		A2906B6C2383DBA700717DA6 /* Release */ = {
			isa = XCBuildConfiguration;
			buildSettings = {
				ALWAYS_SEARCH_USER_PATHS = NO;
				CLANG_ANALYZER_NONNULL = YES;
				CLANG_ANALYZER_NUMBER_OBJECT_CONVERSION = YES_AGGRESSIVE;
				CLANG_CXX_LANGUAGE_STANDARD = "gnu++14";
				CLANG_CXX_LIBRARY = "libc++";
				CLANG_ENABLE_MODULES = YES;
				CLANG_ENABLE_OBJC_ARC = YES;
				CLANG_ENABLE_OBJC_WEAK = YES;
				CLANG_WARN_BLOCK_CAPTURE_AUTORELEASING = YES;
				CLANG_WARN_BOOL_CONVERSION = YES;
				CLANG_WARN_COMMA = YES;
				CLANG_WARN_CONSTANT_CONVERSION = YES;
				CLANG_WARN_DEPRECATED_OBJC_IMPLEMENTATIONS = YES;
				CLANG_WARN_DIRECT_OBJC_ISA_USAGE = YES_ERROR;
				CLANG_WARN_DOCUMENTATION_COMMENTS = YES;
				CLANG_WARN_EMPTY_BODY = YES;
				CLANG_WARN_ENUM_CONVERSION = YES;
				CLANG_WARN_INFINITE_RECURSION = YES;
				CLANG_WARN_INT_CONVERSION = YES;
				CLANG_WARN_NON_LITERAL_NULL_CONVERSION = YES;
				CLANG_WARN_OBJC_IMPLICIT_RETAIN_SELF = YES;
				CLANG_WARN_OBJC_LITERAL_CONVERSION = YES;
				CLANG_WARN_OBJC_ROOT_CLASS = YES_ERROR;
				CLANG_WARN_RANGE_LOOP_ANALYSIS = YES;
				CLANG_WARN_STRICT_PROTOTYPES = YES;
				CLANG_WARN_SUSPICIOUS_MOVE = YES;
				CLANG_WARN_UNGUARDED_AVAILABILITY = YES_AGGRESSIVE;
				CLANG_WARN_UNREACHABLE_CODE = YES;
				CLANG_WARN__DUPLICATE_METHOD_MATCH = YES;
				COPY_PHASE_STRIP = NO;
				CURRENT_PROJECT_VERSION = 1;
				DEBUG_INFORMATION_FORMAT = "dwarf-with-dsym";
				ENABLE_NS_ASSERTIONS = NO;
				ENABLE_STRICT_OBJC_MSGSEND = YES;
				GCC_C_LANGUAGE_STANDARD = gnu11;
				GCC_NO_COMMON_BLOCKS = YES;
				GCC_WARN_64_TO_32_BIT_CONVERSION = YES;
				GCC_WARN_ABOUT_RETURN_TYPE = YES_ERROR;
				GCC_WARN_UNDECLARED_SELECTOR = YES;
				GCC_WARN_UNINITIALIZED_AUTOS = YES_AGGRESSIVE;
				GCC_WARN_UNUSED_FUNCTION = YES;
				GCC_WARN_UNUSED_VARIABLE = YES;
				IPHONEOS_DEPLOYMENT_TARGET = 9.0;
				MTL_ENABLE_DEBUG_INFO = NO;
				MTL_FAST_MATH = YES;
				SDKROOT = iphoneos;
				VALIDATE_PRODUCT = YES;
				VERSIONING_SYSTEM = "apple-generic";
				VERSION_INFO_PREFIX = "";
			};
			name = Release;
		};
		A2906B6E2383DBA700717DA6 /* Debug */ = {
			isa = XCBuildConfiguration;
			buildSettings = {
				CLANG_CXX_LANGUAGE_STANDARD = "c++17";
				CODE_SIGN_STYLE = Automatic;
				DEFINES_MODULE = YES;
				DYLIB_COMPATIBILITY_VERSION = 1;
				DYLIB_CURRENT_VERSION = 1;
				DYLIB_INSTALL_NAME_BASE = "@rpath";
				GCC_C_LANGUAGE_STANDARD = c11;
				HEADER_SEARCH_PATHS = (
					../src,
					../include,
				);
				INFOPLIST_FILE = "teobase-ios/Info.plist";
				INSTALL_PATH = "$(LOCAL_LIBRARY_DIR)/Frameworks";
				IPHONEOS_DEPLOYMENT_TARGET = 9.0;
				LD_RUNPATH_SEARCH_PATHS = (
					"$(inherited)",
					"@executable_path/Frameworks",
					"@loader_path/Frameworks",
				);
				OTHER_CFLAGS = "";
				PRODUCT_BUNDLE_IDENTIFIER = com.example.teobaseios;
				PRODUCT_NAME = "$(TARGET_NAME:c99extidentifier)";
				SKIP_INSTALL = YES;
				TARGETED_DEVICE_FAMILY = "1,2";
			};
			name = Debug;
		};
		A2906B6F2383DBA700717DA6 /* Release */ = {
			isa = XCBuildConfiguration;
			buildSettings = {
				CLANG_CXX_LANGUAGE_STANDARD = "c++17";
				CODE_SIGN_STYLE = Automatic;
				DEFINES_MODULE = YES;
				DYLIB_COMPATIBILITY_VERSION = 1;
				DYLIB_CURRENT_VERSION = 1;
				DYLIB_INSTALL_NAME_BASE = "@rpath";
				GCC_C_LANGUAGE_STANDARD = c11;
				HEADER_SEARCH_PATHS = (
					../src,
					../include,
				);
				INFOPLIST_FILE = "teobase-ios/Info.plist";
				INSTALL_PATH = "$(LOCAL_LIBRARY_DIR)/Frameworks";
				IPHONEOS_DEPLOYMENT_TARGET = 9.0;
				LD_RUNPATH_SEARCH_PATHS = (
					"$(inherited)",
					"@executable_path/Frameworks",
					"@loader_path/Frameworks",
				);
				OTHER_CFLAGS = "";
				PRODUCT_BUNDLE_IDENTIFIER = com.example.teobaseios;
				PRODUCT_NAME = "$(TARGET_NAME:c99extidentifier)";
				SKIP_INSTALL = YES;
				TARGETED_DEVICE_FAMILY = "1,2";
			};
			name = Release;
		};
/* End XCBuildConfiguration section */

/* Begin XCConfigurationList section */
		A2906B5F2383DBA600717DA6 /* Build configuration list for PBXProject "teobase-ios" */ = {
			isa = XCConfigurationList;
			buildConfigurations = (
				A2906B6B2383DBA700717DA6 /* Debug */,
				A2906B6C2383DBA700717DA6 /* Release */,
			);
			defaultConfigurationIsVisible = 0;
			defaultConfigurationName = Release;
		};
		A2906B6D2383DBA700717DA6 /* Build configuration list for PBXNativeTarget "teobase" */ = {
			isa = XCConfigurationList;
			buildConfigurations = (
				A2906B6E2383DBA700717DA6 /* Debug */,
				A2906B6F2383DBA700717DA6 /* Release */,
			);
			defaultConfigurationIsVisible = 0;
			defaultConfigurationName = Release;
		};
/* End XCConfigurationList section */
	};
	rootObject = A2906B5C2383DBA600717DA6 /* Project object */;
}
