// !$*UTF8*$!
{
	archiveVersion = 1;
	classes = {
	};
	objectVersion = 50;
	objects = {

/* Begin PBXBuildFile section */
		A25438D823AAA20D00B3E5E2 /* mutex.c in Sources */ = {isa = PBXBuildFile; fileRef = A25438D723AAA20D00B3E5E2 /* mutex.c */; };
		A2906B582383D85800717DA6 /* logging.c in Sources */ = {isa = PBXBuildFile; fileRef = A2906B552383D85800717DA6 /* logging.c */; };
		A2906B592383D85800717DA6 /* socket.c in Sources */ = {isa = PBXBuildFile; fileRef = A2906B562383D85800717DA6 /* socket.c */; };
		A2906B5A2383D85800717DA6 /* time.c in Sources */ = {isa = PBXBuildFile; fileRef = A2906B572383D85800717DA6 /* time.c */; };
/* End PBXBuildFile section */

/* Begin PBXFileReference section */
		A212E38C2383D68300B41DEA /* teobase.bundle */ = {isa = PBXFileReference; explicitFileType = wrapper.cfbundle; includeInIndex = 0; path = teobase.bundle; sourceTree = BUILT_PRODUCTS_DIR; };
		A212E38F2383D68300B41DEA /* Info.plist */ = {isa = PBXFileReference; lastKnownFileType = text.plist.xml; path = Info.plist; sourceTree = "<group>"; };
		A25438D523AAA1F500B3E5E2 /* api.h */ = {isa = PBXFileReference; fileEncoding = 4; lastKnownFileType = sourcecode.c.h; name = api.h; path = ../include/teobase/api.h; sourceTree = "<group>"; };
		A25438D623AAA1F500B3E5E2 /* mutex.h */ = {isa = PBXFileReference; fileEncoding = 4; lastKnownFileType = sourcecode.c.h; name = mutex.h; path = ../include/teobase/mutex.h; sourceTree = "<group>"; };
		A25438D723AAA20D00B3E5E2 /* mutex.c */ = {isa = PBXFileReference; fileEncoding = 4; lastKnownFileType = sourcecode.c.c; name = mutex.c; path = ../src/teobase/mutex.c; sourceTree = "<group>"; };
		A2906B502383D84E00717DA6 /* windows.h */ = {isa = PBXFileReference; fileEncoding = 4; lastKnownFileType = sourcecode.c.h; name = windows.h; path = ../include/teobase/windows.h; sourceTree = "<group>"; };
		A2906B512383D84E00717DA6 /* socket.h */ = {isa = PBXFileReference; fileEncoding = 4; lastKnownFileType = sourcecode.c.h; name = socket.h; path = ../include/teobase/socket.h; sourceTree = "<group>"; };
		A2906B522383D84E00717DA6 /* logging.h */ = {isa = PBXFileReference; fileEncoding = 4; lastKnownFileType = sourcecode.c.h; name = logging.h; path = ../include/teobase/logging.h; sourceTree = "<group>"; };
		A2906B532383D84E00717DA6 /* time.h */ = {isa = PBXFileReference; fileEncoding = 4; lastKnownFileType = sourcecode.c.h; name = time.h; path = ../include/teobase/time.h; sourceTree = "<group>"; };
		A2906B542383D84E00717DA6 /* platform.h */ = {isa = PBXFileReference; fileEncoding = 4; lastKnownFileType = sourcecode.c.h; name = platform.h; path = ../include/teobase/platform.h; sourceTree = "<group>"; };
		A2906B552383D85800717DA6 /* logging.c */ = {isa = PBXFileReference; fileEncoding = 4; lastKnownFileType = sourcecode.c.c; name = logging.c; path = ../src/teobase/logging.c; sourceTree = "<group>"; };
		A2906B562383D85800717DA6 /* socket.c */ = {isa = PBXFileReference; fileEncoding = 4; lastKnownFileType = sourcecode.c.c; name = socket.c; path = ../src/teobase/socket.c; sourceTree = "<group>"; };
		A2906B572383D85800717DA6 /* time.c */ = {isa = PBXFileReference; fileEncoding = 4; lastKnownFileType = sourcecode.c.c; name = time.c; path = ../src/teobase/time.c; sourceTree = "<group>"; };
/* End PBXFileReference section */

/* Begin PBXFrameworksBuildPhase section */
		A212E3892383D68300B41DEA /* Frameworks */ = {
			isa = PBXFrameworksBuildPhase;
			buildActionMask = 2147483647;
			files = (
			);
			runOnlyForDeploymentPostprocessing = 0;
		};
/* End PBXFrameworksBuildPhase section */

/* Begin PBXGroup section */
		A212E3832383D68300B41DEA = {
			isa = PBXGroup;
			children = (
				A2384F0D2383D7D70021A2A9 /* Headers */,
				A2384F0E2383D7E70021A2A9 /* Source */,
				A212E38E2383D68300B41DEA /* teobase-macos-bundle */,
				A212E38D2383D68300B41DEA /* Products */,
			);
			sourceTree = "<group>";
		};
		A212E38D2383D68300B41DEA /* Products */ = {
			isa = PBXGroup;
			children = (
				A212E38C2383D68300B41DEA /* teobase.bundle */,
			);
			name = Products;
			sourceTree = "<group>";
		};
		A212E38E2383D68300B41DEA /* teobase-macos-bundle */ = {
			isa = PBXGroup;
			children = (
				A212E38F2383D68300B41DEA /* Info.plist */,
			);
			path = "teobase-macos-bundle";
			sourceTree = "<group>";
		};
		A2384F0D2383D7D70021A2A9 /* Headers */ = {
			isa = PBXGroup;
			children = (
				A25438D523AAA1F500B3E5E2 /* api.h */,
				A25438D623AAA1F500B3E5E2 /* mutex.h */,
				A2906B522383D84E00717DA6 /* logging.h */,
				A2906B542383D84E00717DA6 /* platform.h */,
				A2906B512383D84E00717DA6 /* socket.h */,
				A2906B532383D84E00717DA6 /* time.h */,
				A2906B502383D84E00717DA6 /* windows.h */,
			);
			name = Headers;
			sourceTree = "<group>";
		};
		A2384F0E2383D7E70021A2A9 /* Source */ = {
			isa = PBXGroup;
			children = (
				A25438D723AAA20D00B3E5E2 /* mutex.c */,
				A2906B552383D85800717DA6 /* logging.c */,
				A2906B562383D85800717DA6 /* socket.c */,
				A2906B572383D85800717DA6 /* time.c */,
			);
			name = Source;
			sourceTree = "<group>";
		};
/* End PBXGroup section */

/* Begin PBXNativeTarget section */
		A212E38B2383D68300B41DEA /* teobase */ = {
			isa = PBXNativeTarget;
			buildConfigurationList = A212E3922383D68300B41DEA /* Build configuration list for PBXNativeTarget "teobase" */;
			buildPhases = (
				A212E3882383D68300B41DEA /* Sources */,
				A212E3892383D68300B41DEA /* Frameworks */,
				A212E38A2383D68300B41DEA /* Resources */,
			);
			buildRules = (
			);
			dependencies = (
			);
			name = teobase;
			productName = teobase;
			productReference = A212E38C2383D68300B41DEA /* teobase.bundle */;
			productType = "com.apple.product-type.bundle";
		};
/* End PBXNativeTarget section */

/* Begin PBXProject section */
		A212E3842383D68300B41DEA /* Project object */ = {
			isa = PBXProject;
			attributes = {
				LastUpgradeCheck = 1120;
				ORGANIZATIONNAME = example;
				TargetAttributes = {
					A212E38B2383D68300B41DEA = {
						CreatedOnToolsVersion = 11.2.1;
					};
				};
			};
			buildConfigurationList = A212E3872383D68300B41DEA /* Build configuration list for PBXProject "teobase-macos-bundle" */;
			compatibilityVersion = "Xcode 9.3";
			developmentRegion = en;
			hasScannedForEncodings = 0;
			knownRegions = (
				en,
				Base,
			);
			mainGroup = A212E3832383D68300B41DEA;
			productRefGroup = A212E38D2383D68300B41DEA /* Products */;
			projectDirPath = "";
			projectRoot = "";
			targets = (
				A212E38B2383D68300B41DEA /* teobase */,
			);
		};
/* End PBXProject section */

/* Begin PBXResourcesBuildPhase section */
		A212E38A2383D68300B41DEA /* Resources */ = {
			isa = PBXResourcesBuildPhase;
			buildActionMask = 2147483647;
			files = (
			);
			runOnlyForDeploymentPostprocessing = 0;
		};
/* End PBXResourcesBuildPhase section */

/* Begin PBXSourcesBuildPhase section */
		A212E3882383D68300B41DEA /* Sources */ = {
			isa = PBXSourcesBuildPhase;
			buildActionMask = 2147483647;
			files = (
				A2906B592383D85800717DA6 /* socket.c in Sources */,
				A2906B582383D85800717DA6 /* logging.c in Sources */,
				A2906B5A2383D85800717DA6 /* time.c in Sources */,
				A25438D823AAA20D00B3E5E2 /* mutex.c in Sources */,
			);
			runOnlyForDeploymentPostprocessing = 0;
		};
/* End PBXSourcesBuildPhase section */

/* Begin XCBuildConfiguration section */
		A212E3902383D68300B41DEA /* Debug */ = {
			isa = XCBuildConfiguration;
			buildSettings = {
				ALWAYS_SEARCH_USER_PATHS = NO;
				CLANG_ANALYZER_NONNULL = YES;
				CLANG_ANALYZER_NUMBER_OBJECT_CONVERSION = YES_AGGRESSIVE;
				CLANG_CXX_LANGUAGE_STANDARD = "gnu++14";
				CLANG_CXX_LIBRARY = "libc++";
				CLANG_ENABLE_MODULES = YES;
				CLANG_ENABLE_OBJC_ARC = YES;
				CLANG_ENABLE_OBJC_WEAK = YES;
				CLANG_WARN_BLOCK_CAPTURE_AUTORELEASING = YES;
				CLANG_WARN_BOOL_CONVERSION = YES;
				CLANG_WARN_COMMA = YES;
				CLANG_WARN_CONSTANT_CONVERSION = YES;
				CLANG_WARN_DEPRECATED_OBJC_IMPLEMENTATIONS = YES;
				CLANG_WARN_DIRECT_OBJC_ISA_USAGE = YES_ERROR;
				CLANG_WARN_DOCUMENTATION_COMMENTS = YES;
				CLANG_WARN_EMPTY_BODY = YES;
				CLANG_WARN_ENUM_CONVERSION = YES;
				CLANG_WARN_INFINITE_RECURSION = YES;
				CLANG_WARN_INT_CONVERSION = YES;
				CLANG_WARN_NON_LITERAL_NULL_CONVERSION = YES;
				CLANG_WARN_OBJC_IMPLICIT_RETAIN_SELF = YES;
				CLANG_WARN_OBJC_LITERAL_CONVERSION = YES;
				CLANG_WARN_OBJC_ROOT_CLASS = YES_ERROR;
				CLANG_WARN_RANGE_LOOP_ANALYSIS = YES;
				CLANG_WARN_STRICT_PROTOTYPES = YES;
				CLANG_WARN_SUSPICIOUS_MOVE = YES;
				CLANG_WARN_UNGUARDED_AVAILABILITY = YES_AGGRESSIVE;
				CLANG_WARN_UNREACHABLE_CODE = YES;
				CLANG_WARN__DUPLICATE_METHOD_MATCH = YES;
				COPY_PHASE_STRIP = NO;
				DEBUG_INFORMATION_FORMAT = dwarf;
				ENABLE_STRICT_OBJC_MSGSEND = YES;
				ENABLE_TESTABILITY = YES;
				GCC_C_LANGUAGE_STANDARD = gnu11;
				GCC_DYNAMIC_NO_PIC = NO;
				GCC_NO_COMMON_BLOCKS = YES;
				GCC_OPTIMIZATION_LEVEL = 0;
				GCC_PREPROCESSOR_DEFINITIONS = (
					"DEBUG=1",
					"$(inherited)",
				);
				GCC_WARN_64_TO_32_BIT_CONVERSION = YES;
				GCC_WARN_ABOUT_RETURN_TYPE = YES_ERROR;
				GCC_WARN_UNDECLARED_SELECTOR = YES;
				GCC_WARN_UNINITIALIZED_AUTOS = YES_AGGRESSIVE;
				GCC_WARN_UNUSED_FUNCTION = YES;
				GCC_WARN_UNUSED_VARIABLE = YES;
				MACOSX_DEPLOYMENT_TARGET = 10.14;
				MTL_ENABLE_DEBUG_INFO = INCLUDE_SOURCE;
				MTL_FAST_MATH = YES;
				ONLY_ACTIVE_ARCH = YES;
				SDKROOT = macosx;
			};
			name = Debug;
		};
		A212E3912383D68300B41DEA /* Release */ = {
			isa = XCBuildConfiguration;
			buildSettings = {
				ALWAYS_SEARCH_USER_PATHS = NO;
				CLANG_ANALYZER_NONNULL = YES;
				CLANG_ANALYZER_NUMBER_OBJECT_CONVERSION = YES_AGGRESSIVE;
				CLANG_CXX_LANGUAGE_STANDARD = "gnu++14";
				CLANG_CXX_LIBRARY = "libc++";
				CLANG_ENABLE_MODULES = YES;
				CLANG_ENABLE_OBJC_ARC = YES;
				CLANG_ENABLE_OBJC_WEAK = YES;
				CLANG_WARN_BLOCK_CAPTURE_AUTORELEASING = YES;
				CLANG_WARN_BOOL_CONVERSION = YES;
				CLANG_WARN_COMMA = YES;
				CLANG_WARN_CONSTANT_CONVERSION = YES;
				CLANG_WARN_DEPRECATED_OBJC_IMPLEMENTATIONS = YES;
				CLANG_WARN_DIRECT_OBJC_ISA_USAGE = YES_ERROR;
				CLANG_WARN_DOCUMENTATION_COMMENTS = YES;
				CLANG_WARN_EMPTY_BODY = YES;
				CLANG_WARN_ENUM_CONVERSION = YES;
				CLANG_WARN_INFINITE_RECURSION = YES;
				CLANG_WARN_INT_CONVERSION = YES;
				CLANG_WARN_NON_LITERAL_NULL_CONVERSION = YES;
				CLANG_WARN_OBJC_IMPLICIT_RETAIN_SELF = YES;
				CLANG_WARN_OBJC_LITERAL_CONVERSION = YES;
				CLANG_WARN_OBJC_ROOT_CLASS = YES_ERROR;
				CLANG_WARN_RANGE_LOOP_ANALYSIS = YES;
				CLANG_WARN_STRICT_PROTOTYPES = YES;
				CLANG_WARN_SUSPICIOUS_MOVE = YES;
				CLANG_WARN_UNGUARDED_AVAILABILITY = YES_AGGRESSIVE;
				CLANG_WARN_UNREACHABLE_CODE = YES;
				CLANG_WARN__DUPLICATE_METHOD_MATCH = YES;
				COPY_PHASE_STRIP = NO;
				DEBUG_INFORMATION_FORMAT = "dwarf-with-dsym";
				ENABLE_NS_ASSERTIONS = NO;
				ENABLE_STRICT_OBJC_MSGSEND = YES;
				GCC_C_LANGUAGE_STANDARD = gnu11;
				GCC_NO_COMMON_BLOCKS = YES;
				GCC_WARN_64_TO_32_BIT_CONVERSION = YES;
				GCC_WARN_ABOUT_RETURN_TYPE = YES_ERROR;
				GCC_WARN_UNDECLARED_SELECTOR = YES;
				GCC_WARN_UNINITIALIZED_AUTOS = YES_AGGRESSIVE;
				GCC_WARN_UNUSED_FUNCTION = YES;
				GCC_WARN_UNUSED_VARIABLE = YES;
				MACOSX_DEPLOYMENT_TARGET = 10.14;
				MTL_ENABLE_DEBUG_INFO = NO;
				MTL_FAST_MATH = YES;
				SDKROOT = macosx;
			};
			name = Release;
		};
		A212E3932383D68300B41DEA /* Debug */ = {
			isa = XCBuildConfiguration;
			buildSettings = {
				CLANG_CXX_LANGUAGE_STANDARD = "c++17";
				CODE_SIGN_STYLE = Automatic;
				COMBINE_HIDPI_IMAGES = YES;
				GCC_C_LANGUAGE_STANDARD = c11;
				HEADER_SEARCH_PATHS = (
					../src,
					../include,
				);
				INFOPLIST_FILE = "$(SRCROOT)/teobase-macos-bundle/Info.plist";
				INSTALL_PATH = "$(LOCAL_LIBRARY_DIR)/Bundles";
				PRODUCT_BUNDLE_IDENTIFIER = com.example.teobase;
				PRODUCT_NAME = "$(TARGET_NAME)";
				SKIP_INSTALL = YES;
				WRAPPER_EXTENSION = bundle;
			};
			name = Debug;
		};
		A212E3942383D68300B41DEA /* Release */ = {
			isa = XCBuildConfiguration;
			buildSettings = {
				CLANG_CXX_LANGUAGE_STANDARD = "c++17";
				CODE_SIGN_STYLE = Automatic;
				COMBINE_HIDPI_IMAGES = YES;
				GCC_C_LANGUAGE_STANDARD = c11;
				HEADER_SEARCH_PATHS = (
					../src,
					../include,
				);
				INFOPLIST_FILE = "$(SRCROOT)/teobase-macos-bundle/Info.plist";
				INSTALL_PATH = "$(LOCAL_LIBRARY_DIR)/Bundles";
				PRODUCT_BUNDLE_IDENTIFIER = com.example.teobase;
				PRODUCT_NAME = "$(TARGET_NAME)";
				SKIP_INSTALL = YES;
				WRAPPER_EXTENSION = bundle;
			};
			name = Release;
		};
/* End XCBuildConfiguration section */

/* Begin XCConfigurationList section */
		A212E3872383D68300B41DEA /* Build configuration list for PBXProject "teobase-macos-bundle" */ = {
			isa = XCConfigurationList;
			buildConfigurations = (
				A212E3902383D68300B41DEA /* Debug */,
				A212E3912383D68300B41DEA /* Release */,
			);
			defaultConfigurationIsVisible = 0;
			defaultConfigurationName = Release;
		};
		A212E3922383D68300B41DEA /* Build configuration list for PBXNativeTarget "teobase" */ = {
			isa = XCConfigurationList;
			buildConfigurations = (
				A212E3932383D68300B41DEA /* Debug */,
				A212E3942383D68300B41DEA /* Release */,
			);
			defaultConfigurationIsVisible = 0;
			defaultConfigurationName = Release;
		};
/* End XCConfigurationList section */
	};
	rootObject = A212E3842383D68300B41DEA /* Project object */;
}
